{
  "name": "CatApi",
  "version": "0.0.1",
  "lockfileVersion": 1,
  "requires": true,
  "dependencies": {
    "@mischnic/async-hooks": {
      "version": "0.0.4",
      "resolved":
        "https://registry.npmjs.org/@mischnic/async-hooks/-/async-hooks-0.0.4.tgz",
      "integrity":
        "sha512-mJL/Rckke7oIR8c1Dk+40Y0a+Ss712hyJqROOurl5VE8gQY+GbbebKcNuWIRxlZTrQQq8mfo7oE9xKZXrtQTjQ==",
      "requires": {
        "es6-shim": "^0.35.3"
      }
    },
    "abbrev": {
      "version": "1.1.1",
      "resolved": "https://registry.npmjs.org/abbrev/-/abbrev-1.1.1.tgz",
      "integrity":
        "sha512-nne9/IiQ/hzIhY6pdDnbBtz7DjPTKrY00P/zvPSm5pOFkl6xuGrGnXn/VtTNNfNtAfZ9/1RtehkszU9qcTii0Q=="
    },
    "ajv": {
      "version": "5.5.2",
      "resolved": "https://registry.npmjs.org/ajv/-/ajv-5.5.2.tgz",
      "integrity": "sha1-c7Xuyj+rZT49P5Qis0GtQiBdyWU=",
      "requires": {
        "co": "^4.6.0",
        "fast-deep-equal": "^1.0.0",
        "fast-json-stable-stringify": "^2.0.0",
        "json-schema-traverse": "^0.3.0"
      }
    },
    "ansi-regex": {
      "version": "2.1.1",
      "resolved":
        "https://registry.npmjs.org/ansi-regex/-/ansi-regex-2.1.1.tgz",
      "integrity": "sha1-w7M6te42DYbg5ijwRorn7yfWVN8="
    },
    "aproba": {
      "version": "1.2.0",
      "resolved": "https://registry.npmjs.org/aproba/-/aproba-1.2.0.tgz",
      "integrity":
        "sha512-Y9J6ZjXtoYh8RnXVCMOU/ttDmk1aBjunq9vO0ta5x85WDQiQfUF9sIPBITdbiiIVcBo03Hi3jMxigBtsddlXRw=="
    },
    "are-we-there-yet": {
      "version": "1.1.4",
      "resolved":
        "https://registry.npmjs.org/are-we-there-yet/-/are-we-there-yet-1.1.4.tgz",
      "integrity": "sha1-u13KOCu5TwXhUZQ3PRb9O6HKEQ0=",
      "requires": {
        "delegates": "^1.0.0",
        "readable-stream": "^2.0.6"
      }
    },
    "asap": {
      "version": "2.0.6",
      "resolved": "https://registry.npmjs.org/asap/-/asap-2.0.6.tgz",
      "integrity": "sha1-5QNHYR1+aQlDIIu9r+vLwvuGbUY="
    },
    "asn1": {
      "version": "0.2.3",
      "resolved": "https://registry.npmjs.org/asn1/-/asn1-0.2.3.tgz",
      "integrity": "sha1-2sh4dxPJlmhJ/IGAd36+nB3fO4Y="
    },
    "assert-plus": {
      "version": "1.0.0",
      "resolved":
        "https://registry.npmjs.org/assert-plus/-/assert-plus-1.0.0.tgz",
      "integrity": "sha1-8S4PPF13sLHN2RRpQuTpbB5N1SU="
    },
    "asynckit": {
      "version": "0.4.0",
      "resolved": "https://registry.npmjs.org/asynckit/-/asynckit-0.4.0.tgz",
      "integrity": "sha1-x57Zf380y48robyXkLzDZkdLS3k="
    },
    "autogypi": {
      "version": "0.2.2",
      "resolved": "https://registry.npmjs.org/autogypi/-/autogypi-0.2.2.tgz",
      "integrity": "sha1-JYurX3hXdVsJvqxqZB/qEw/0Yi0=",
      "requires": {
        "bluebird": "^3.4.0",
        "commander": "~2.9.0",
        "resolve": "~1.1.7"
      }
    },
    "aws-sign2": {
      "version": "0.7.0",
      "resolved": "https://registry.npmjs.org/aws-sign2/-/aws-sign2-0.7.0.tgz",
      "integrity": "sha1-tG6JCTSpWR8tL2+G1+ap8bP+dqg="
    },
    "aws4": {
      "version": "1.7.0",
      "resolved": "https://registry.npmjs.org/aws4/-/aws4-1.7.0.tgz",
      "integrity":
        "sha512-32NDda82rhwD9/JBCCkB+MRYDp0oSvlo2IL6rQWA10PQi7tDUM3eqMSltXmY+Oyl/7N3P3qNtAlv7X0d9bI28w=="
    },
    "balanced-match": {
      "version": "1.0.0",
      "resolved":
        "https://registry.npmjs.org/balanced-match/-/balanced-match-1.0.0.tgz",
      "integrity": "sha1-ibTRmasr7kneFk6gK4nORi1xt2c="
    },
    "bcrypt-pbkdf": {
      "version": "1.0.1",
      "resolved":
        "https://registry.npmjs.org/bcrypt-pbkdf/-/bcrypt-pbkdf-1.0.1.tgz",
      "integrity": "sha1-Y7xdy2EzG5K8Bf1SiVPDNGKgb40=",
      "optional": true,
      "requires": {
        "tweetnacl": "^0.14.3"
      }
    },
    "block-stream": {
      "version": "0.0.9",
      "resolved":
        "https://registry.npmjs.org/block-stream/-/block-stream-0.0.9.tgz",
      "integrity": "sha1-E+v+d4oDIFz+A3UUgeu0szAMEmo=",
      "requires": {
        "inherits": "~2.0.0"
      }
    },
    "bluebird": {
      "version": "3.5.1",
      "resolved": "https://registry.npmjs.org/bluebird/-/bluebird-3.5.1.tgz",
      "integrity":
        "sha512-MKiLiV+I1AA596t9w1sQJ8jkiSr5+ZKi0WKrYGUn6d1Fx+Ij4tIj+m2WMQSGczs5jZVxV339chE8iwk6F64wjA=="
    },
    "boom": {
      "version": "4.3.1",
      "resolved": "https://registry.npmjs.org/boom/-/boom-4.3.1.tgz",
      "integrity": "sha1-T4owBctKfjiJ90kDD9JbluAdLjE=",
      "requires": {
        "hoek": "4.x.x"
      }
    },
    "brace-expansion": {
      "version": "1.1.11",
      "resolved":
        "https://registry.npmjs.org/brace-expansion/-/brace-expansion-1.1.11.tgz",
      "integrity":
        "sha512-iCuPHDFgrHX7H2vEI/5xpz07zSHB00TpugqhmYtVmMO6518mCuRMoOYFldEBl0g187ufozdaHgWKcYFb61qGiA==",
      "requires": {
        "balanced-match": "^1.0.0",
        "concat-map": "0.0.1"
      }
    },
    "caseless": {
      "version": "0.12.0",
      "resolved": "https://registry.npmjs.org/caseless/-/caseless-0.12.0.tgz",
      "integrity": "sha1-G2gcIf+EAzyCZUMJBolCDRhxUdw="
    },
    "chownr": {
      "version": "1.0.1",
      "resolved": "https://registry.npmjs.org/chownr/-/chownr-1.0.1.tgz",
      "integrity": "sha1-4qdQQqlVGQi+vSW4Uj1fl2nXkYE="
    },
    "co": {
      "version": "4.6.0",
      "resolved": "https://registry.npmjs.org/co/-/co-4.6.0.tgz",
      "integrity": "sha1-bqa989hTrlTMuOR7+gvz+QMfsYQ="
    },
    "code-point-at": {
      "version": "1.1.0",
      "resolved":
        "https://registry.npmjs.org/code-point-at/-/code-point-at-1.1.0.tgz",
      "integrity": "sha1-DQcLTQQ6W+ozovGkDi7bPZpMz3c="
    },
    "color": {
      "version": "3.0.0",
      "resolved": "https://registry.npmjs.org/color/-/color-3.0.0.tgz",
      "integrity":
        "sha512-jCpd5+s0s0t7p3pHQKpnJ0TpQKKdleP71LWcA0aqiljpiuAkOSUFN/dyH8ZwF0hRmFlrIuRhufds1QyEP9EB+w==",
      "requires": {
        "color-convert": "^1.9.1",
        "color-string": "^1.5.2"
      }
    },
    "color-convert": {
      "version": "1.9.1",
      "resolved":
        "https://registry.npmjs.org/color-convert/-/color-convert-1.9.1.tgz",
      "integrity":
        "sha512-mjGanIiwQJskCC18rPR6OmrZ6fm2Lc7PeGFYwCmy5J34wC6F1PzdGL6xeMfmgicfYcNLGuVFA3WzXtIDCQSZxQ==",
      "requires": {
        "color-name": "^1.1.1"
      }
    },
    "color-name": {
      "version": "1.1.3",
      "resolved":
        "https://registry.npmjs.org/color-name/-/color-name-1.1.3.tgz",
      "integrity": "sha1-p9BVi9icQveV3UIyj3QIMcpTvCU="
    },
    "color-string": {
      "version": "1.5.2",
      "resolved":
        "https://registry.npmjs.org/color-string/-/color-string-1.5.2.tgz",
      "integrity": "sha1-JuRYFLw8mny9Z1FkikFDRRSnc6k=",
      "requires": {
        "color-name": "^1.0.0",
        "simple-swizzle": "^0.2.2"
      }
    },
    "combined-stream": {
      "version": "1.0.6",
      "resolved":
        "https://registry.npmjs.org/combined-stream/-/combined-stream-1.0.6.tgz",
      "integrity": "sha1-cj599ugBrFYTETp+RFqbactjKBg=",
      "requires": {
        "delayed-stream": "~1.0.0"
      }
    },
    "commander": {
      "version": "2.9.0",
      "resolved": "https://registry.npmjs.org/commander/-/commander-2.9.0.tgz",
      "integrity": "sha1-nJkJQXbhIkDLItbFFGCYQA/g99Q=",
      "requires": {
        "graceful-readlink": ">= 1.0.0"
      }
    },
    "concat-map": {
      "version": "0.0.1",
      "resolved":
        "https://registry.npmjs.org/concat-map/-/concat-map-0.0.1.tgz",
      "integrity": "sha1-2Klr13/Wjfd5OnMDajug1UBdR3s="
    },
    "console-control-strings": {
      "version": "1.1.0",
      "resolved":
        "https://registry.npmjs.org/console-control-strings/-/console-control-strings-1.1.0.tgz",
      "integrity": "sha1-PXz0Rk22RG6mRL9LOVB/mFEAjo4="
    },
    "core-js": {
      "version": "1.2.7",
      "resolved": "https://registry.npmjs.org/core-js/-/core-js-1.2.7.tgz",
      "integrity": "sha1-ZSKUwUZR2yj6k70tX/KYOk8IxjY="
    },
    "core-util-is": {
      "version": "1.0.2",
      "resolved":
        "https://registry.npmjs.org/core-util-is/-/core-util-is-1.0.2.tgz",
      "integrity": "sha1-tf1UIgqivFq1eqtxQMlAdUUDwac="
    },
    "cryptiles": {
      "version": "3.1.2",
      "resolved": "https://registry.npmjs.org/cryptiles/-/cryptiles-3.1.2.tgz",
      "integrity": "sha1-qJ+7Ig9c4l7FboxKqKT9e1sNKf4=",
      "requires": {
        "boom": "5.x.x"
      },
      "dependencies": {
        "boom": {
          "version": "5.2.0",
          "resolved": "https://registry.npmjs.org/boom/-/boom-5.2.0.tgz",
          "integrity":
            "sha512-Z5BTk6ZRe4tXXQlkqftmsAUANpXmuwlsF5Oov8ThoMbQRzdGTA1ngYRW160GexgOgjsFOKJz0LYhoNi+2AMBUw==",
          "requires": {
            "hoek": "4.x.x"
          }
        }
      }
    },
    "dashdash": {
      "version": "1.14.1",
      "resolved": "https://registry.npmjs.org/dashdash/-/dashdash-1.14.1.tgz",
      "integrity": "sha1-hTz6D3y+L+1d4gMmuN1YEDX24vA=",
      "requires": {
        "assert-plus": "^1.0.0"
      }
    },
    "debug": {
      "version": "2.6.9",
      "resolved": "https://registry.npmjs.org/debug/-/debug-2.6.9.tgz",
      "integrity":
        "sha512-bC7ElrdJaJnPbAP+1EotYvqZsb3ecl5wi6Bfi6BJTUcNowp6cvspg0jXznRTKDjm/E7AdgFBVeAPVMNcKGsHMA==",
      "requires": {
        "ms": "2.0.0"
      }
    },
    "deep-extend": {
      "version": "0.5.1",
      "resolved":
        "https://registry.npmjs.org/deep-extend/-/deep-extend-0.5.1.tgz",
      "integrity":
        "sha512-N8vBdOa+DF7zkRrDCsaOXoCs/E2fJfx9B9MrKnnSiHNh4ws7eSys6YQE4KvT1cecKmOASYQBhbKjeuDD9lT81w=="
    },
    "delayed-stream": {
      "version": "1.0.0",
      "resolved":
        "https://registry.npmjs.org/delayed-stream/-/delayed-stream-1.0.0.tgz",
      "integrity": "sha1-3zrhmayt+31ECqrgsp4icrJOxhk="
    },
    "delegates": {
      "version": "1.0.0",
      "resolved": "https://registry.npmjs.org/delegates/-/delegates-1.0.0.tgz",
      "integrity": "sha1-hMbhWbgZBP3KWaDvRM2HDTElD5o="
    },
    "ecc-jsbn": {
      "version": "0.1.1",
      "resolved": "https://registry.npmjs.org/ecc-jsbn/-/ecc-jsbn-0.1.1.tgz",
      "integrity": "sha1-D8c6ntXw1Tw4GTOYUj735UN3dQU=",
      "optional": true,
      "requires": {
        "jsbn": "~0.1.0"
      }
    },
    "emscripten-library-decorator": {
      "version": "0.2.2",
      "resolved":
        "https://registry.npmjs.org/emscripten-library-decorator/-/emscripten-library-decorator-0.2.2.tgz",
      "integrity": "sha1-0DXwI+KoTGgwXMhCze6jjmdoPEA="
    },
    "encoding": {
      "version": "0.1.12",
      "resolved": "https://registry.npmjs.org/encoding/-/encoding-0.1.12.tgz",
      "integrity": "sha1-U4tm8+5izRq1HsMjgp0flIDHS+s=",
      "requires": {
        "iconv-lite": "~0.4.13"
      }
    },
    "es6-shim": {
      "version": "0.35.3",
      "resolved": "https://registry.npmjs.org/es6-shim/-/es6-shim-0.35.3.tgz",
      "integrity": "sha1-m/tzY/7//4emzbbNk+QF7DxLbyY="
    },
    "extend": {
      "version": "3.0.1",
      "resolved": "https://registry.npmjs.org/extend/-/extend-3.0.1.tgz",
      "integrity": "sha1-p1Xqe8Gt/MWjHOfnYtuq3F5jZEQ="
    },
    "extsprintf": {
      "version": "1.3.0",
      "resolved":
        "https://registry.npmjs.org/extsprintf/-/extsprintf-1.3.0.tgz",
      "integrity": "sha1-lpGEQOMEGnpBT4xS48V06zw+HgU="
    },
    "fast-deep-equal": {
      "version": "1.1.0",
      "resolved":
        "https://registry.npmjs.org/fast-deep-equal/-/fast-deep-equal-1.1.0.tgz",
      "integrity": "sha1-wFNHeBfIa1HaqFPIHgWbcz0CNhQ="
    },
    "fast-json-stable-stringify": {
      "version": "2.0.0",
      "resolved":
        "https://registry.npmjs.org/fast-json-stable-stringify/-/fast-json-stable-stringify-2.0.0.tgz",
      "integrity": "sha1-1RQsDK7msRifh9OnYREGT4bIu/I="
    },
    "fbjs": {
      "version": "0.8.16",
      "resolved": "https://registry.npmjs.org/fbjs/-/fbjs-0.8.16.tgz",
      "integrity": "sha1-XmdDL1UNxBtXK/VYR7ispk5TN9s=",
      "requires": {
        "core-js": "^1.0.0",
        "isomorphic-fetch": "^2.1.1",
        "loose-envify": "^1.0.0",
        "object-assign": "^4.1.0",
        "promise": "^7.1.1",
        "setimmediate": "^1.0.5",
        "ua-parser-js": "^0.7.9"
      }
    },
    "forever-agent": {
      "version": "0.6.1",
      "resolved":
        "https://registry.npmjs.org/forever-agent/-/forever-agent-0.6.1.tgz",
      "integrity": "sha1-+8cfDEGt6zf5bFd60e1C2P2sypE="
    },
    "form-data": {
      "version": "2.3.2",
      "resolved": "https://registry.npmjs.org/form-data/-/form-data-2.3.2.tgz",
      "integrity": "sha1-SXBJi+YEwgwAXU9cI67NIda0kJk=",
      "requires": {
        "asynckit": "^0.4.0",
        "combined-stream": "1.0.6",
        "mime-types": "^2.1.12"
      }
    },
    "fs-minipass": {
      "version": "1.2.5",
      "resolved":
        "https://registry.npmjs.org/fs-minipass/-/fs-minipass-1.2.5.tgz",
      "integrity":
        "sha512-JhBl0skXjUPCFH7x6x61gQxrKyXsxB5gcgePLZCwfyCGGsTISMoIeObbrvVeP6Xmyaudw4TT43qV2Gz+iyd2oQ==",
      "requires": {
        "minipass": "^2.2.1"
      }
    },
    "fs.realpath": {
      "version": "1.0.0",
      "resolved":
        "https://registry.npmjs.org/fs.realpath/-/fs.realpath-1.0.0.tgz",
      "integrity": "sha1-FQStJSMVjKpA20onh8sBQRmU6k8="
    },
    "fstream": {
      "version": "1.0.11",
      "resolved": "https://registry.npmjs.org/fstream/-/fstream-1.0.11.tgz",
      "integrity": "sha1-XB+x8RdHcRTwYyoOtLcbPLD9MXE=",
      "requires": {
        "graceful-fs": "^4.1.2",
        "inherits": "~2.0.0",
        "mkdirp": ">=0.5 0",
        "rimraf": "2"
      }
    },
    "gauge": {
      "version": "2.7.4",
      "resolved": "https://registry.npmjs.org/gauge/-/gauge-2.7.4.tgz",
      "integrity": "sha1-LANAXHU4w51+s3sxcCLjJfsBi/c=",
      "requires": {
        "aproba": "^1.0.3",
        "console-control-strings": "^1.0.0",
        "has-unicode": "^2.0.0",
        "object-assign": "^4.1.0",
        "signal-exit": "^3.0.0",
        "string-width": "^1.0.1",
        "strip-ansi": "^3.0.1",
        "wide-align": "^1.1.0"
      }
    },
    "getpass": {
      "version": "0.1.7",
      "resolved": "https://registry.npmjs.org/getpass/-/getpass-0.1.7.tgz",
      "integrity": "sha1-Xv+OPmhNVprkyysSgmBOi6YhSfo=",
      "requires": {
        "assert-plus": "^1.0.0"
      }
    },
    "glob": {
      "version": "6.0.4",
      "resolved": "https://registry.npmjs.org/glob/-/glob-6.0.4.tgz",
      "integrity": "sha1-DwiGD2oVUSey+t1PnOJLGqtuTSI=",
      "requires": {
        "inflight": "^1.0.4",
        "inherits": "2",
        "minimatch": "2 || 3",
        "once": "^1.3.0",
        "path-is-absolute": "^1.0.0"
      }
    },
    "graceful-fs": {
      "version": "4.1.11",
      "resolved":
        "https://registry.npmjs.org/graceful-fs/-/graceful-fs-4.1.11.tgz",
      "integrity": "sha1-Dovf5NHduIVNZOBOp8AOKgJuVlg="
    },
    "graceful-readlink": {
      "version": "1.0.1",
      "resolved":
        "https://registry.npmjs.org/graceful-readlink/-/graceful-readlink-1.0.1.tgz",
      "integrity": "sha1-TK+tdrxi8C+gObL5Tpo906ORpyU="
    },
    "har-schema": {
      "version": "2.0.0",
      "resolved":
        "https://registry.npmjs.org/har-schema/-/har-schema-2.0.0.tgz",
      "integrity": "sha1-qUwiJOvKwEeCoNkDVSHyRzW37JI="
    },
    "har-validator": {
      "version": "5.0.3",
      "resolved":
        "https://registry.npmjs.org/har-validator/-/har-validator-5.0.3.tgz",
      "integrity": "sha1-ukAsJmGU8VlW7xXg/PJCmT9qff0=",
      "requires": {
        "ajv": "^5.1.0",
        "har-schema": "^2.0.0"
      }
    },
    "has-unicode": {
      "version": "2.0.1",
      "resolved":
        "https://registry.npmjs.org/has-unicode/-/has-unicode-2.0.1.tgz",
      "integrity": "sha1-4Ob+aijPUROIVeCG0Wkedx3iqLk="
    },
    "hawk": {
      "version": "6.0.2",
      "resolved": "https://registry.npmjs.org/hawk/-/hawk-6.0.2.tgz",
      "integrity":
        "sha512-miowhl2+U7Qle4vdLqDdPt9m09K6yZhkLDTWGoUiUzrQCn+mHHSmfJgAyGaLRZbPmTqfFFjRV1QWCW0VWUJBbQ==",
      "requires": {
        "boom": "4.x.x",
        "cryptiles": "3.x.x",
        "hoek": "4.x.x",
        "sntp": "2.x.x"
      }
    },
    "hoek": {
      "version": "4.2.1",
      "resolved": "https://registry.npmjs.org/hoek/-/hoek-4.2.1.tgz",
      "integrity":
        "sha512-QLg82fGkfnJ/4iy1xZ81/9SIJiq1NGFUMGs6ParyjBZr6jW2Ufj/snDqTHixNlHdPNwN2RLVD0Pi3igeK9+JfA=="
    },
    "hoist-non-react-statics": {
      "version": "2.5.0",
      "resolved":
        "https://registry.npmjs.org/hoist-non-react-statics/-/hoist-non-react-statics-2.5.0.tgz",
      "integrity":
        "sha512-6Bl6XsDT1ntE0lHbIhr4Kp2PGcleGZ66qu5Jqk8lc0Xc/IeG6gVLmwUGs/K0Us+L8VWoKgj0uWdPMataOsm31w=="
    },
    "home-path": {
      "version": "1.0.6",
      "resolved": "https://registry.npmjs.org/home-path/-/home-path-1.0.6.tgz",
      "integrity":
        "sha512-wo+yjrdAtoXt43Vy92a+0IPCYViiyLAHyp0QVS4xL/tfvVz5sXIW1ubLZk3nhVkD92fQpUMKX+fzMjr5F489vw=="
    },
    "http-signature": {
      "version": "1.2.0",
      "resolved":
        "https://registry.npmjs.org/http-signature/-/http-signature-1.2.0.tgz",
      "integrity": "sha1-muzZJRFHcvPZW2WmCruPfBj7rOE=",
      "requires": {
        "assert-plus": "^1.0.0",
        "jsprim": "^1.2.2",
        "sshpk": "^1.7.0"
      }
    },
    "iconv-lite": {
      "version": "0.4.23",
      "resolved":
        "https://registry.npmjs.org/iconv-lite/-/iconv-lite-0.4.23.tgz",
      "integrity":
        "sha512-neyTUVFtahjf0mB3dZT77u+8O0QB89jFdnBkd5P1JgYPbPaia3gXXOVL2fq8VyU2gMMD7SaN7QukTB/pmXYvDA==",
      "requires": {
        "safer-buffer": ">= 2.1.2 < 3"
      }
    },
    "inflight": {
      "version": "1.0.6",
      "resolved": "https://registry.npmjs.org/inflight/-/inflight-1.0.6.tgz",
      "integrity": "sha1-Sb1jMdfQLQwJvJEKEHW6gWW1bfk=",
      "requires": {
        "once": "^1.3.0",
        "wrappy": "1"
      }
    },
    "inherits": {
      "version": "2.0.3",
      "resolved": "https://registry.npmjs.org/inherits/-/inherits-2.0.3.tgz",
      "integrity": "sha1-Yzwsg+PaQqUC9SRmAiSA9CCCYd4="
    },
    "ini": {
      "version": "1.3.5",
      "resolved": "https://registry.npmjs.org/ini/-/ini-1.3.5.tgz",
      "integrity":
        "sha512-RZY5huIKCMRWDUqZlEi72f/lmXKMvuszcMBduliQ3nnWbx9X/ZBQO7DijMEYS9EhHBb2qacRUMtC7svLwe0lcw=="
    },
    "invariant": {
      "version": "2.2.4",
      "resolved": "https://registry.npmjs.org/invariant/-/invariant-2.2.4.tgz",
      "integrity":
        "sha512-phJfQVBuaJM5raOpJjSfkiD6BpbCE4Ns//LaXl6wGYtUBY83nWS6Rf9tXm2e8VaK60JEjYldbPif/A2B1C2gNA==",
      "requires": {
        "loose-envify": "^1.0.0"
      }
    },
    "is-arrayish": {
      "version": "0.3.1",
      "resolved":
        "https://registry.npmjs.org/is-arrayish/-/is-arrayish-0.3.1.tgz",
      "integrity": "sha1-wt/DhquqDD4zxI2z/ocFnmkGXv0="
    },
    "is-fullwidth-code-point": {
      "version": "1.0.0",
      "resolved":
        "https://registry.npmjs.org/is-fullwidth-code-point/-/is-fullwidth-code-point-1.0.0.tgz",
      "integrity": "sha1-754xOG8DGn8NZDr4L95QxFfvAMs=",
      "requires": {
        "number-is-nan": "^1.0.0"
      }
    },
    "is-stream": {
      "version": "1.1.0",
      "resolved": "https://registry.npmjs.org/is-stream/-/is-stream-1.1.0.tgz",
      "integrity": "sha1-EtSj3U5o4Lec6428hBc66A2RykQ="
    },
    "is-typedarray": {
      "version": "1.0.0",
      "resolved":
        "https://registry.npmjs.org/is-typedarray/-/is-typedarray-1.0.0.tgz",
      "integrity": "sha1-5HnICFjfDBsR3dppQPlgEfzaSpo="
    },
    "is-wsl": {
      "version": "1.1.0",
      "resolved": "https://registry.npmjs.org/is-wsl/-/is-wsl-1.1.0.tgz",
      "integrity": "sha1-HxbkqiKwTRM2tmGIpmrzxgDDpm0="
    },
    "isarray": {
      "version": "1.0.0",
      "resolved": "https://registry.npmjs.org/isarray/-/isarray-1.0.0.tgz",
      "integrity": "sha1-u5NdSFgsuhaMBoNJV6VKPgcSTxE="
    },
    "isexe": {
      "version": "2.0.0",
      "resolved": "https://registry.npmjs.org/isexe/-/isexe-2.0.0.tgz",
      "integrity": "sha1-6PvzdNxVb/iUehDcsFctYz8s+hA="
    },
    "isomorphic-fetch": {
      "version": "2.2.1",
      "resolved":
        "https://registry.npmjs.org/isomorphic-fetch/-/isomorphic-fetch-2.2.1.tgz",
      "integrity": "sha1-YRrhrPFPXoH3KVB0coGf6XM1WKk=",
      "requires": {
        "node-fetch": "^1.0.1",
        "whatwg-fetch": ">=0.10.0"
      },
      "dependencies": {
        "node-fetch": {
          "version": "1.7.3",
          "resolved":
            "https://registry.npmjs.org/node-fetch/-/node-fetch-1.7.3.tgz",
          "integrity":
            "sha512-NhZ4CsKx7cYm2vSrBAr2PvFOe6sWDf0UYLRqA6svUYg7+/TSfVAu49jYC4BvQ4Sms9SZgdqGBgroqfDhJdTyKQ==",
          "requires": {
            "encoding": "^0.1.11",
            "is-stream": "^1.0.1"
          }
        }
      }
    },
    "isstream": {
      "version": "0.1.2",
      "resolved": "https://registry.npmjs.org/isstream/-/isstream-0.1.2.tgz",
      "integrity": "sha1-R+Y/evVa+m+S4VAOaQ64uFKcCZo="
    },
    "js-tokens": {
      "version": "3.0.2",
      "resolved": "https://registry.npmjs.org/js-tokens/-/js-tokens-3.0.2.tgz",
      "integrity": "sha1-mGbfOVECEw449/mWvOtlRDIJwls="
    },
    "jsbn": {
      "version": "0.1.1",
      "resolved": "https://registry.npmjs.org/jsbn/-/jsbn-0.1.1.tgz",
      "integrity": "sha1-peZUwuWi3rXyAdls77yoDA7y9RM=",
      "optional": true
    },
    "json-schema": {
      "version": "0.2.3",
      "resolved":
        "https://registry.npmjs.org/json-schema/-/json-schema-0.2.3.tgz",
      "integrity": "sha1-tIDIkuWaLwWVTOcnvT8qTogvnhM="
    },
    "json-schema-traverse": {
      "version": "0.3.1",
      "resolved":
        "https://registry.npmjs.org/json-schema-traverse/-/json-schema-traverse-0.3.1.tgz",
      "integrity": "sha1-NJptRMU6Ud6JtAgFxdXlm0F9M0A="
    },
    "json-stringify-safe": {
      "version": "5.0.1",
      "resolved":
        "https://registry.npmjs.org/json-stringify-safe/-/json-stringify-safe-5.0.1.tgz",
      "integrity": "sha1-Epai1Y/UXxmg9s4B1lcB4sc1tus="
    },
    "jsprim": {
      "version": "1.4.1",
      "resolved": "https://registry.npmjs.org/jsprim/-/jsprim-1.4.1.tgz",
      "integrity": "sha1-MT5mvB5cwG5Di8G3SZwuXFastqI=",
      "requires": {
        "assert-plus": "1.0.0",
        "extsprintf": "1.3.0",
        "json-schema": "0.2.3",
        "verror": "1.10.0"
      }
    },
    "libui-download": {
      "version": "1.1.0",
      "resolved":
        "https://registry.npmjs.org/libui-download/-/libui-download-1.1.0.tgz",
      "integrity":
        "sha512-kn/VrmvI4zUNjH+GsUelLMKNiuNG/T9q7eEWXSLXQwcpQvhsvUZQO8VxeiNfYw4wMqnYUOyPynbx8qfXJt3ZaQ==",
      "requires": {
        "debug": "^2.2.0",
        "home-path": "^1.0.1",
        "mkdirp": "^0.5.0",
        "mv": "^2.0.3",
        "pify": "^2.3.0",
        "pinkie-promise": "^2.0.1",
        "rc": "^1.1.2",
        "regenerator-runtime": "^0.9.5",
        "request": "^2.85.0",
        "tar": "^4.4.0"
      }
    },
    "libui-node": {
      "version": "0.2.0",
      "resolved":
        "https://registry.npmjs.org/libui-node/-/libui-node-0.2.0.tgz",
      "integrity":
        "sha512-6LRO0y++9kO5RcuODjjwwV9IeZlkYC4mnr9NLlCmm/CT8xKIZ1AWMp4JU+iI41VDNN52kOqh9u4uB9nFdcGa2g==",
      "requires": {
        "@mischnic/async-hooks": "^0.0.4",
        "autogypi": "^0.2.2",
        "libui-download": "^1.1.0",
        "nbind": "^0.3.14",
        "node-gyp": "^3.3.1"
      }
    },
    "lodash": {
      "version": "4.17.10",
      "resolved": "https://registry.npmjs.org/lodash/-/lodash-4.17.10.tgz",
      "integrity":
        "sha512-UejweD1pDoXu+AD825lWwp4ZGtSwgnpZxb3JDViD7StjQz+Nb/6l093lx4OQ0foGWNRoc19mWy7BzL+UAK2iVg=="
    },
    "lodash-es": {
      "version": "4.17.10",
      "resolved":
        "https://registry.npmjs.org/lodash-es/-/lodash-es-4.17.10.tgz",
      "integrity":
        "sha512-iesFYPmxYYGTcmQK0sL8bX3TGHyM6b2qREaB4kamHfQyfPJP0xgoGxp19nsH16nsfquLdiyKyX3mQkfiSGV8Rg=="
    },
    "loose-envify": {
      "version": "1.3.1",
      "resolved":
        "https://registry.npmjs.org/loose-envify/-/loose-envify-1.3.1.tgz",
      "integrity": "sha1-0aitM/qc4OcT1l/dCsi3SNR4yEg=",
      "requires": {
        "js-tokens": "^3.0.0"
      }
    },
    "mime-db": {
      "version": "1.33.0",
      "resolved": "https://registry.npmjs.org/mime-db/-/mime-db-1.33.0.tgz",
      "integrity":
        "sha512-BHJ/EKruNIqJf/QahvxwQZXKygOQ256myeN/Ew+THcAa5q+PjyTTMMeNQC4DZw5AwfvelsUrA6B67NKMqXDbzQ=="
    },
    "mime-types": {
      "version": "2.1.18",
      "resolved":
        "https://registry.npmjs.org/mime-types/-/mime-types-2.1.18.tgz",
      "integrity":
        "sha512-lc/aahn+t4/SWV/qcmumYjymLsWfN3ELhpmVuUFjgsORruuZPVSwAQryq+HHGvO/SI2KVX26bx+En+zhM8g8hQ==",
      "requires": {
        "mime-db": "~1.33.0"
      }
    },
    "minimatch": {
      "version": "3.0.4",
      "resolved": "https://registry.npmjs.org/minimatch/-/minimatch-3.0.4.tgz",
      "integrity":
        "sha512-yJHVQEhyqPLUTgt9B83PXu6W3rx4MvvHvSUvToogpwoGDOUQ+yDrR0HRot+yOCdCO7u4hX3pWft6kWBBcqh0UA==",
      "requires": {
        "brace-expansion": "^1.1.7"
      }
    },
    "minimist": {
      "version": "0.0.8",
      "resolved": "https://registry.npmjs.org/minimist/-/minimist-0.0.8.tgz",
      "integrity": "sha1-hX/Kv8M5fSYluCKCYuhqp6ARsF0="
    },
    "minipass": {
      "version": "2.3.0",
      "resolved": "https://registry.npmjs.org/minipass/-/minipass-2.3.0.tgz",
      "integrity":
        "sha512-jWC2Eg+Np4bxah7llu1IrUNSJQxtLz/J+pOjTM0nFpJXGAaV18XBWhUn031Q1tAA/TJtA1jgwnOe9S2PQa4Lbg==",
      "requires": {
        "safe-buffer": "^5.1.1",
        "yallist": "^3.0.0"
      }
    },
    "minizlib": {
      "version": "1.1.0",
      "resolved": "https://registry.npmjs.org/minizlib/-/minizlib-1.1.0.tgz",
      "integrity":
        "sha512-4T6Ur/GctZ27nHfpt9THOdRZNgyJ9FZchYO1ceg5S8Q3DNLCKYy44nCZzgCJgcvx2UM8czmqak5BCxJMrq37lA==",
      "requires": {
        "minipass": "^2.2.1"
      }
    },
    "mkdirp": {
      "version": "0.5.1",
      "resolved": "https://registry.npmjs.org/mkdirp/-/mkdirp-0.5.1.tgz",
      "integrity": "sha1-MAV0OOrGz3+MR2fzhkjWaX11yQM=",
      "requires": {
        "minimist": "0.0.8"
      }
    },
    "ms": {
      "version": "2.0.0",
      "resolved": "https://registry.npmjs.org/ms/-/ms-2.0.0.tgz",
      "integrity": "sha1-VgiurfwAvmwpAd9fmGF4jeDVl8g="
    },
    "mv": {
      "version": "2.1.1",
      "resolved": "https://registry.npmjs.org/mv/-/mv-2.1.1.tgz",
      "integrity": "sha1-rmzg1vbV4KT32JN5jQPB6pVZtqI=",
      "requires": {
        "mkdirp": "~0.5.1",
        "ncp": "~2.0.0",
        "rimraf": "~2.4.0"
      }
    },
    "nan": {
      "version": "2.10.0",
      "resolved": "https://registry.npmjs.org/nan/-/nan-2.10.0.tgz",
      "integrity":
        "sha512-bAdJv7fBLhWC+/Bls0Oza+mvTaNQtP+1RyhhhvD95pgUJz6XM5IzgmxOkItJ9tkoCiplvAnXI1tNmmUD/eScyA=="
    },
    "nbind": {
      "version": "0.3.15",
      "resolved": "https://registry.npmjs.org/nbind/-/nbind-0.3.15.tgz",
      "integrity":
        "sha512-TrKLNRj5D8wZRJb7XmUNbA1W3iTigAEpm3qaGig5bEWY/iCT2IQBgBc2EUGO59FbRIGhx5hB/McVwqxlSGScVw==",
      "requires": {
        "emscripten-library-decorator": "~0.2.2",
        "mkdirp": "~0.5.1",
        "nan": "^2.9.2"
      }
    },
    "ncp": {
      "version": "2.0.0",
      "resolved": "https://registry.npmjs.org/ncp/-/ncp-2.0.0.tgz",
      "integrity": "sha1-GVoh1sRuNh0vsSgbo4uR6d9727M="
    },
    "node-fetch": {
      "version": "2.1.2",
      "resolved":
        "https://registry.npmjs.org/node-fetch/-/node-fetch-2.1.2.tgz",
      "integrity": "sha1-q4hOjn5X44qUR1POxwb3iNF2i7U="
    },
    "node-gyp": {
      "version": "3.6.2",
      "resolved": "https://registry.npmjs.org/node-gyp/-/node-gyp-3.6.2.tgz",
      "integrity": "sha1-m/vlRWIoYoSDjnUOrAUpWFP6HGA=",
      "requires": {
        "fstream": "^1.0.0",
        "glob": "^7.0.3",
        "graceful-fs": "^4.1.2",
        "minimatch": "^3.0.2",
        "mkdirp": "^0.5.0",
        "nopt": "2 || 3",
        "npmlog": "0 || 1 || 2 || 3 || 4",
        "osenv": "0",
        "request": "2",
        "rimraf": "2",
        "semver": "~5.3.0",
        "tar": "^2.0.0",
        "which": "1"
      },
      "dependencies": {
        "glob": {
          "version": "7.1.2",
          "resolved": "https://registry.npmjs.org/glob/-/glob-7.1.2.tgz",
          "integrity":
            "sha512-MJTUg1kjuLeQCJ+ccE4Vpa6kKVXkPYJ2mOCQyUuKLcLQsdrMCpBPUi8qVE6+YuaJkozeA9NusTAw3hLr8Xe5EQ==",
          "requires": {
            "fs.realpath": "^1.0.0",
            "inflight": "^1.0.4",
            "inherits": "2",
            "minimatch": "^3.0.4",
            "once": "^1.3.0",
            "path-is-absolute": "^1.0.0"
          }
        },
        "tar": {
          "version": "2.2.1",
          "resolved": "https://registry.npmjs.org/tar/-/tar-2.2.1.tgz",
          "integrity": "sha1-jk0qJWwOIYXGsYrWlK7JaLg8sdE=",
          "requires": {
            "block-stream": "*",
            "fstream": "^1.0.2",
            "inherits": "2"
          }
        }
      }
    },
    "nopt": {
      "version": "3.0.6",
      "resolved": "https://registry.npmjs.org/nopt/-/nopt-3.0.6.tgz",
      "integrity": "sha1-xkZdvwirzU2zWTF/eaxopkayj/k=",
      "requires": {
        "abbrev": "1"
      }
    },
    "npmlog": {
      "version": "4.1.2",
      "resolved": "https://registry.npmjs.org/npmlog/-/npmlog-4.1.2.tgz",
      "integrity":
        "sha512-2uUqazuKlTaSI/dC8AzicUck7+IrEaOnN/e0jd3Xtt1KcGpwx30v50mL7oPyr/h9bL3E4aZccVwpwP+5W9Vjkg==",
      "requires": {
        "are-we-there-yet": "~1.1.2",
        "console-control-strings": "~1.1.0",
        "gauge": "~2.7.3",
        "set-blocking": "~2.0.0"
      }
    },
    "number-is-nan": {
      "version": "1.0.1",
      "resolved":
        "https://registry.npmjs.org/number-is-nan/-/number-is-nan-1.0.1.tgz",
      "integrity": "sha1-CXtgK1NCKlIsGvuHkDGDNpQaAR0="
    },
    "oauth-sign": {
      "version": "0.8.2",
      "resolved":
        "https://registry.npmjs.org/oauth-sign/-/oauth-sign-0.8.2.tgz",
      "integrity": "sha1-Rqarfwrq2N6unsBWV4C31O/rnUM="
    },
    "object-assign": {
      "version": "4.1.1",
      "resolved":
        "https://registry.npmjs.org/object-assign/-/object-assign-4.1.1.tgz",
      "integrity": "sha1-IQmtx5ZYh8/AXLvUQsrIv7s2CGM="
    },
    "once": {
      "version": "1.4.0",
      "resolved": "https://registry.npmjs.org/once/-/once-1.4.0.tgz",
      "integrity": "sha1-WDsap3WWHUsROsF9nFC6753Xa9E=",
      "requires": {
        "wrappy": "1"
      }
    },
    "opn": {
      "version": "5.3.0",
      "resolved": "https://registry.npmjs.org/opn/-/opn-5.3.0.tgz",
      "integrity":
        "sha512-bYJHo/LOmoTd+pfiYhfZDnf9zekVJrY+cnS2a5F2x+w5ppvTqObojTP7WiFG+kVZs9Inw+qQ/lw7TroWwhdd2g==",
      "requires": {
        "is-wsl": "^1.1.0"
      }
    },
    "os-homedir": {
      "version": "1.0.2",
      "resolved":
        "https://registry.npmjs.org/os-homedir/-/os-homedir-1.0.2.tgz",
      "integrity": "sha1-/7xJiDNuDoM94MFox+8VISGqf7M="
    },
    "os-tmpdir": {
      "version": "1.0.2",
      "resolved": "https://registry.npmjs.org/os-tmpdir/-/os-tmpdir-1.0.2.tgz",
      "integrity": "sha1-u+Z0BseaqFxc/sdm/lc0VV36EnQ="
    },
    "osenv": {
      "version": "0.1.5",
      "resolved": "https://registry.npmjs.org/osenv/-/osenv-0.1.5.tgz",
      "integrity":
        "sha512-0CWcCECdMVc2Rw3U5w9ZjqX6ga6ubk1xDVKxtBQPK7wis/0F2r9T6k4ydGYhecl7YUBxBVxhL5oisPsNxAPe2g==",
      "requires": {
        "os-homedir": "^1.0.0",
        "os-tmpdir": "^1.0.0"
      }
    },
    "path-is-absolute": {
      "version": "1.0.1",
      "resolved":
        "https://registry.npmjs.org/path-is-absolute/-/path-is-absolute-1.0.1.tgz",
      "integrity": "sha1-F0uSaHNVNP+8es5r9TpanhtcX18="
    },
    "performance-now": {
      "version": "2.1.0",
      "resolved":
        "https://registry.npmjs.org/performance-now/-/performance-now-2.1.0.tgz",
      "integrity": "sha1-Ywn04OX6kT7BxpMHrjZLSzd8nns="
    },
    "pify": {
      "version": "2.3.0",
      "resolved": "https://registry.npmjs.org/pify/-/pify-2.3.0.tgz",
      "integrity": "sha1-7RQaasBDqEnqWISY59yosVMw6Qw="
    },
    "pinkie": {
      "version": "2.0.4",
      "resolved": "https://registry.npmjs.org/pinkie/-/pinkie-2.0.4.tgz",
      "integrity": "sha1-clVrgM+g1IqXToDnckjoDtT3+HA="
    },
    "pinkie-promise": {
      "version": "2.0.1",
      "resolved":
        "https://registry.npmjs.org/pinkie-promise/-/pinkie-promise-2.0.1.tgz",
      "integrity": "sha1-ITXW36ejWMBprJsXh3YogihFD/o=",
      "requires": {
        "pinkie": "^2.0.0"
      }
    },
    "process-nextick-args": {
      "version": "2.0.0",
      "resolved":
        "https://registry.npmjs.org/process-nextick-args/-/process-nextick-args-2.0.0.tgz",
      "integrity":
        "sha512-MtEC1TqN0EU5nephaJ4rAtThHtC86dNN9qCuEhtshvpVBkAW5ZO7BASN9REnF9eoXGcRub+pFuKEpOHE+HbEMw=="
    },
    "promise": {
      "version": "7.3.1",
      "resolved": "https://registry.npmjs.org/promise/-/promise-7.3.1.tgz",
      "integrity":
        "sha512-nolQXZ/4L+bP/UGlkfaIujX9BKxGwmQ9OT4mOt5yvy8iK1h3wqTEJCijzGANTCCl9nWjY41juyAn2K3Q1hLLTg==",
      "requires": {
        "asap": "~2.0.3"
      }
    },
    "prop-types": {
      "version": "15.6.1",
      "resolved":
        "https://registry.npmjs.org/prop-types/-/prop-types-15.6.1.tgz",
      "integrity":
        "sha512-4ec7bY1Y66LymSUOH/zARVYObB23AT2h8cf6e/O6ZALB/N0sqZFEx7rq6EYPX2MkOdKORuooI/H5k9TlR4q7kQ==",
      "requires": {
        "fbjs": "^0.8.16",
        "loose-envify": "^1.3.1",
        "object-assign": "^4.1.1"
      }
    },
    "proton-native": {
      "version": "1.1.3",
      "resolved":
        "https://registry.npmjs.org/proton-native/-/proton-native-1.1.3.tgz",
      "integrity":
        "sha512-r7+1Aib1mO+jSUC/bbWpRswpNjA/CbYyvk6CoqgLh2UPn1SCH5kQ/h7VlhwycefzlwJl4OTPcnz36kJXoqr4Qg==",
      "requires": {
        "color": "^3.0.0",
        "fbjs": "^0.8.16",
        "libui-node": "^0.1.0",
        "prop-types": "^15.6.1",
        "react": "^16.3.0",
        "react-dom": "^16.3.0",
        "react-reconciler": "^0.7.0",
        "svg-path-parser": "^1.1.0"
      },
      "dependencies": {
        "libui-node": {
          "version": "0.1.0",
          "resolved":
            "https://registry.npmjs.org/libui-node/-/libui-node-0.1.0.tgz",
          "integrity":
            "sha512-wTULYnkI+k2C1+kX1rbTUh2d9JvK97/XtZxa8c9BnskueYNX6L5+kR0eyfT39ro8ULYkYW8vF3T6FWxGthbqiA==",
          "requires": {
            "autogypi": "^0.2.2",
            "libui-download": "^1.0.0",
            "nbind": "^0.3.14",
            "node-gyp": "^3.3.1"
          }
        }
      }
    },
    "punycode": {
      "version": "1.4.1",
      "resolved": "https://registry.npmjs.org/punycode/-/punycode-1.4.1.tgz",
      "integrity": "sha1-wNWmOycYgArY4esPpSachN1BhF4="
    },
    "qs": {
      "version": "6.5.2",
      "resolved": "https://registry.npmjs.org/qs/-/qs-6.5.2.tgz",
      "integrity":
        "sha512-N5ZAX4/LxJmF+7wN74pUD6qAh9/wnvdQcjq9TZjevvXzSUo7bfmw91saqMjzGS2xq91/odN2dW/WOl7qQHNDGA=="
    },
    "rc": {
      "version": "1.2.7",
      "resolved": "https://registry.npmjs.org/rc/-/rc-1.2.7.tgz",
      "integrity":
        "sha512-LdLD8xD4zzLsAT5xyushXDNscEjB7+2ulnl8+r1pnESlYtlJtVSoCMBGr30eDRJ3+2Gq89jK9P9e4tCEH1+ywA==",
      "requires": {
        "deep-extend": "^0.5.1",
        "ini": "~1.3.0",
        "minimist": "^1.2.0",
        "strip-json-comments": "~2.0.1"
      },
      "dependencies": {
        "minimist": {
          "version": "1.2.0",
          "resolved":
            "https://registry.npmjs.org/minimist/-/minimist-1.2.0.tgz",
          "integrity": "sha1-o1AIsg9BOD7sH7kU9M1d95omQoQ="
        }
      }
    },
    "react": {
      "version": "16.3.2",
      "resolved": "https://registry.npmjs.org/react/-/react-16.3.2.tgz",
      "integrity":
        "sha512-o5GPdkhciQ3cEph6qgvYB7LTOHw/GB0qRI6ZFNugj49qJCFfgHwVNjZ5u+b7nif4vOeMIOuYj3CeYe2IBD74lg==",
      "requires": {
        "fbjs": "^0.8.16",
        "loose-envify": "^1.1.0",
        "object-assign": "^4.1.1",
        "prop-types": "^15.6.0"
      }
    },
    "react-dom": {
      "version": "16.3.2",
      "resolved": "https://registry.npmjs.org/react-dom/-/react-dom-16.3.2.tgz",
      "integrity":
        "sha512-MMPko3zYncNrz/7gG17wJWUREZDvskZHXOwbttzl0F0L3wDmToyuETuo/r8Y5yvDejwYcRyWI1lvVBjLJWFwKA==",
      "requires": {
        "fbjs": "^0.8.16",
        "loose-envify": "^1.1.0",
        "object-assign": "^4.1.1",
        "prop-types": "^15.6.0"
      }
    },
    "react-reconciler": {
      "version": "0.7.0",
      "resolved":
        "https://registry.npmjs.org/react-reconciler/-/react-reconciler-0.7.0.tgz",
      "integrity":
        "sha512-50JwZ3yNyMS8fchN+jjWEJOH3Oze7UmhxeoJLn2j6f3NjpfCRbcmih83XTWmzqtar/ivd5f7tvQhvvhism2fgg==",
      "requires": {
        "fbjs": "^0.8.16",
        "loose-envify": "^1.1.0",
        "object-assign": "^4.1.1",
        "prop-types": "^15.6.0"
      }
    },
    "react-redux": {
      "version": "5.0.7",
      "resolved":
        "https://registry.npmjs.org/react-redux/-/react-redux-5.0.7.tgz",
      "integrity":
        "sha512-5VI8EV5hdgNgyjfmWzBbdrqUkrVRKlyTKk1sGH3jzM2M2Mhj/seQgPXaz6gVAj2lz/nz688AdTqMO18Lr24Zhg==",
      "requires": {
        "hoist-non-react-statics": "^2.5.0",
        "invariant": "^2.0.0",
        "lodash": "^4.17.5",
        "lodash-es": "^4.17.5",
        "loose-envify": "^1.1.0",
        "prop-types": "^15.6.0"
      }
    },
    "readable-stream": {
      "version": "2.3.6",
      "resolved":
        "https://registry.npmjs.org/readable-stream/-/readable-stream-2.3.6.tgz",
      "integrity":
        "sha512-tQtKA9WIAhBF3+VLAseyMqZeBjW0AHJoxOtYqSUZNJxauErmLbVm2FW1y+J/YA9dUrAC39ITejlZWhVIwawkKw==",
      "requires": {
        "core-util-is": "~1.0.0",
        "inherits": "~2.0.3",
        "isarray": "~1.0.0",
        "process-nextick-args": "~2.0.0",
        "safe-buffer": "~5.1.1",
        "string_decoder": "~1.1.1",
        "util-deprecate": "~1.0.1"
      }
    },
    "redux": {
      "version": "4.0.0",
      "resolved": "https://registry.npmjs.org/redux/-/redux-4.0.0.tgz",
      "integrity":
        "sha512-NnnHF0h0WVE/hXyrB6OlX67LYRuaf/rJcbWvnHHEPCF/Xa/AZpwhs/20WyqzQae5x4SD2F9nPObgBh2rxAgLiA==",
      "requires": {
        "loose-envify": "^1.1.0",
        "symbol-observable": "^1.2.0"
      }
    },
    "redux-thunk": {
      "version": "2.2.0",
      "resolved":
        "https://registry.npmjs.org/redux-thunk/-/redux-thunk-2.2.0.tgz",
      "integrity": "sha1-5hWhbha0ehmlFXZhM9Hj6Zt4UuU="
    },
    "regenerator-runtime": {
      "version": "0.9.6",
      "resolved":
        "https://registry.npmjs.org/regenerator-runtime/-/regenerator-runtime-0.9.6.tgz",
      "integrity": "sha1-0z65XQ0gAaS+OWWXB8UbDLcc4Ck="
    },
    "request": {
      "version": "2.85.0",
      "resolved": "https://registry.npmjs.org/request/-/request-2.85.0.tgz",
      "integrity":
        "sha512-8H7Ehijd4js+s6wuVPLjwORxD4zeuyjYugprdOXlPSqaApmL/QOy+EB/beICHVCHkGMKNh5rvihb5ov+IDw4mg==",
      "requires": {
        "aws-sign2": "~0.7.0",
        "aws4": "^1.6.0",
        "caseless": "~0.12.0",
        "combined-stream": "~1.0.5",
        "extend": "~3.0.1",
        "forever-agent": "~0.6.1",
        "form-data": "~2.3.1",
        "har-validator": "~5.0.3",
        "hawk": "~6.0.2",
        "http-signature": "~1.2.0",
        "is-typedarray": "~1.0.0",
        "isstream": "~0.1.2",
        "json-stringify-safe": "~5.0.1",
        "mime-types": "~2.1.17",
        "oauth-sign": "~0.8.2",
        "performance-now": "^2.1.0",
        "qs": "~6.5.1",
        "safe-buffer": "^5.1.1",
        "stringstream": "~0.0.5",
        "tough-cookie": "~2.3.3",
        "tunnel-agent": "^0.6.0",
        "uuid": "^3.1.0"
      }
    },
    "resolve": {
      "version": "1.1.7",
      "resolved": "https://registry.npmjs.org/resolve/-/resolve-1.1.7.tgz",
      "integrity": "sha1-IDEU2CrSxe2ejgQRs5ModeiJ6Xs="
    },
    "rimraf": {
      "version": "2.4.5",
      "resolved": "https://registry.npmjs.org/rimraf/-/rimraf-2.4.5.tgz",
      "integrity": "sha1-7nEM5dk6j9uFb7Xqj/Di11k0sto=",
      "requires": {
        "glob": "^6.0.1"
      }
    },
    "safe-buffer": {
      "version": "5.1.2",
      "resolved":
        "https://registry.npmjs.org/safe-buffer/-/safe-buffer-5.1.2.tgz",
      "integrity":
        "sha512-Gd2UZBJDkXlY7GbJxfsE8/nvKkUEU1G38c1siN6QP6a9PT9MmHB8GnpscSmMJSoF8LOIrt8ud/wPtojys4G6+g=="
    },
    "safer-buffer": {
      "version": "2.1.2",
      "resolved":
        "https://registry.npmjs.org/safer-buffer/-/safer-buffer-2.1.2.tgz",
      "integrity":
        "sha512-YZo3K82SD7Riyi0E1EQPojLz7kpepnSQI9IyPbHHg1XXXevb5dJI7tpyN2ADxGcQbHG7vcyRHk0cbwqcQriUtg=="
    },
    "semver": {
      "version": "5.3.0",
      "resolved": "https://registry.npmjs.org/semver/-/semver-5.3.0.tgz",
      "integrity": "sha1-myzl094C0XxgEq0yaqa00M9U+U8="
    },
    "set-blocking": {
      "version": "2.0.0",
      "resolved":
        "https://registry.npmjs.org/set-blocking/-/set-blocking-2.0.0.tgz",
      "integrity": "sha1-BF+XgtARrppoA93TgrJDkrPYkPc="
    },
    "setimmediate": {
      "version": "1.0.5",
      "resolved":
        "https://registry.npmjs.org/setimmediate/-/setimmediate-1.0.5.tgz",
      "integrity": "sha1-KQy7Iy4waULX1+qbg3Mqt4VvgoU="
    },
    "signal-exit": {
      "version": "3.0.2",
      "resolved":
        "https://registry.npmjs.org/signal-exit/-/signal-exit-3.0.2.tgz",
      "integrity": "sha1-tf3AjxKH6hF4Yo5BXiUTK3NkbG0="
    },
    "simple-swizzle": {
      "version": "0.2.2",
      "resolved":
        "https://registry.npmjs.org/simple-swizzle/-/simple-swizzle-0.2.2.tgz",
      "integrity": "sha1-pNprY1/8zMoz9w0Xy5JZLeleVXo=",
      "requires": {
        "is-arrayish": "^0.3.1"
      }
    },
    "sntp": {
      "version": "2.1.0",
      "resolved": "https://registry.npmjs.org/sntp/-/sntp-2.1.0.tgz",
      "integrity":
        "sha512-FL1b58BDrqS3A11lJ0zEdnJ3UOKqVxawAkF3k7F0CVN7VQ34aZrV+G8BZ1WC9ZL7NyrwsW0oviwsWDgRuVYtJg==",
      "requires": {
        "hoek": "4.x.x"
      }
    },
    "sshpk": {
      "version": "1.14.1",
      "resolved": "https://registry.npmjs.org/sshpk/-/sshpk-1.14.1.tgz",
      "integrity": "sha1-Ew9Zde3a2WPx1W+SuaxsUfqfg+s=",
      "requires": {
        "asn1": "~0.2.3",
        "assert-plus": "^1.0.0",
        "bcrypt-pbkdf": "^1.0.0",
        "dashdash": "^1.12.0",
        "ecc-jsbn": "~0.1.1",
        "getpass": "^0.1.1",
        "jsbn": "~0.1.0",
        "tweetnacl": "~0.14.0"
      }
    },
    "string-width": {
      "version": "1.0.2",
      "resolved":
        "https://registry.npmjs.org/string-width/-/string-width-1.0.2.tgz",
      "integrity": "sha1-EYvfW4zcUaKn5w0hHgfisLmxB9M=",
      "requires": {
        "code-point-at": "^1.0.0",
        "is-fullwidth-code-point": "^1.0.0",
        "strip-ansi": "^3.0.0"
      }
    },
    "string_decoder": {
      "version": "1.1.1",
      "resolved":
        "https://registry.npmjs.org/string_decoder/-/string_decoder-1.1.1.tgz",
      "integrity":
        "sha512-n/ShnvDi6FHbbVfviro+WojiFzv+s8MPMHBczVePfUpDJLwoLT0ht1l4YwBCbi8pJAveEEdnkHyPyTP/mzRfwg==",
      "requires": {
        "safe-buffer": "~5.1.0"
      }
    },
    "stringstream": {
      "version": "0.0.5",
      "resolved":
        "https://registry.npmjs.org/stringstream/-/stringstream-0.0.5.tgz",
      "integrity": "sha1-TkhM1N5aC7vuGORjB3EKioFiGHg="
    },
    "strip-ansi": {
      "version": "3.0.1",
      "resolved":
        "https://registry.npmjs.org/strip-ansi/-/strip-ansi-3.0.1.tgz",
      "integrity": "sha1-ajhfuIU9lS1f8F0Oiq+UJ43GPc8=",
      "requires": {
        "ansi-regex": "^2.0.0"
      }
    },
    "strip-json-comments": {
      "version": "2.0.1",
      "resolved":
        "https://registry.npmjs.org/strip-json-comments/-/strip-json-comments-2.0.1.tgz",
      "integrity": "sha1-PFMZQukIwml8DsNEhYwobHygpgo="
    },
    "svg-path-parser": {
      "version": "1.1.0",
      "resolved":
        "https://registry.npmjs.org/svg-path-parser/-/svg-path-parser-1.1.0.tgz",
      "integrity": "sha1-4WtLOd8NKw056DR9t5/doUU6YEY="
    },
    "symbol-observable": {
      "version": "1.2.0",
      "resolved":
        "https://registry.npmjs.org/symbol-observable/-/symbol-observable-1.2.0.tgz",
      "integrity":
        "sha512-e900nM8RRtGhlV36KGEU9k65K3mPb1WV70OdjfxlG2EAuM1noi/E/BaW/uMhL7bPEssK8QV57vN3esixjUvcXQ=="
    },
    "tar": {
      "version": "4.4.2",
      "resolved": "https://registry.npmjs.org/tar/-/tar-4.4.2.tgz",
      "integrity":
        "sha512-BfkE9CciGGgDsATqkikUHrQrraBCO+ke/1f6SFAEMnxyyfN9lxC+nW1NFWMpqH865DhHIy9vQi682gk1X7friw==",
      "requires": {
        "chownr": "^1.0.1",
        "fs-minipass": "^1.2.5",
        "minipass": "^2.2.4",
        "minizlib": "^1.1.0",
        "mkdirp": "^0.5.0",
        "safe-buffer": "^5.1.2",
        "yallist": "^3.0.2"
      }
    },
    "tough-cookie": {
      "version": "2.3.4",
      "resolved":
        "https://registry.npmjs.org/tough-cookie/-/tough-cookie-2.3.4.tgz",
      "integrity":
        "sha512-TZ6TTfI5NtZnuyy/Kecv+CnoROnyXn2DN97LontgQpCwsX2XyLYCC0ENhYkehSOwAp8rTQKc/NUIF7BkQ5rKLA==",
      "requires": {
        "punycode": "^1.4.1"
      }
    },
    "tunnel-agent": {
      "version": "0.6.0",
      "resolved":
        "https://registry.npmjs.org/tunnel-agent/-/tunnel-agent-0.6.0.tgz",
      "integrity": "sha1-J6XeoGs2sEoKmWZ3SykIaPD8QP0=",
      "requires": {
        "safe-buffer": "^5.0.1"
      }
    },
    "tweetnacl": {
      "version": "0.14.5",
      "resolved": "https://registry.npmjs.org/tweetnacl/-/tweetnacl-0.14.5.tgz",
      "integrity": "sha1-WuaBd/GS1EViadEIr6k/+HQ/T2Q=",
      "optional": true
    },
    "ua-parser-js": {
      "version": "0.7.18",
      "resolved":
        "https://registry.npmjs.org/ua-parser-js/-/ua-parser-js-0.7.18.tgz",
      "integrity":
        "sha512-LtzwHlVHwFGTptfNSgezHp7WUlwiqb0gA9AALRbKaERfxwJoiX0A73QbTToxteIAuIaFshhgIZfqK8s7clqgnA=="
    },
    "util-deprecate": {
      "version": "1.0.2",
      "resolved":
        "https://registry.npmjs.org/util-deprecate/-/util-deprecate-1.0.2.tgz",
      "integrity": "sha1-RQ1Nyfpw3nMnYvvS1KKJgUGaDM8="
    },
    "uuid": {
      "version": "3.2.1",
      "resolved": "https://registry.npmjs.org/uuid/-/uuid-3.2.1.tgz",
      "integrity":
        "sha512-jZnMwlb9Iku/O3smGWvZhauCf6cvvpKi4BKRiliS3cxnI+Gz9j5MEpTz2UFuXiKPJocb7gnsLHwiS05ige5BEA=="
    },
    "verror": {
      "version": "1.10.0",
      "resolved": "https://registry.npmjs.org/verror/-/verror-1.10.0.tgz",
      "integrity": "sha1-OhBcoXBTr1XW4nDB+CiGguGNpAA=",
      "requires": {
        "assert-plus": "^1.0.0",
        "core-util-is": "1.0.2",
        "extsprintf": "^1.2.0"
      }
    },
    "whatwg-fetch": {
      "version": "2.0.4",
      "resolved":
        "https://registry.npmjs.org/whatwg-fetch/-/whatwg-fetch-2.0.4.tgz",
      "integrity":
        "sha512-dcQ1GWpOD/eEQ97k66aiEVpNnapVj90/+R+SXTPYGHpYBBypfKJEQjLrvMZ7YXbKm21gXd4NcuxUTjiv1YtLng=="
    },
    "which": {
      "version": "1.3.0",
      "resolved": "https://registry.npmjs.org/which/-/which-1.3.0.tgz",
      "integrity":
        "sha512-xcJpopdamTuY5duC/KnTTNBraPK54YwpenP4lzxU8H91GudWpFv38u0CKjclE1Wi2EH2EDz5LRcHcKbCIzqGyg==",
      "requires": {
        "isexe": "^2.0.0"
      }
    },
    "wide-align": {
      "version": "1.1.2",
      "resolved":
        "https://registry.npmjs.org/wide-align/-/wide-align-1.1.2.tgz",
      "integrity":
        "sha512-ijDLlyQ7s6x1JgCLur53osjm/UXUYD9+0PbYKrBsYisYXzCxN+HC3mYDNy/dWdmf3AwqwU3CXwDCvsNgGK1S0w==",
      "requires": {
        "string-width": "^1.0.2"
      }
    },
    "wrappy": {
      "version": "1.0.2",
      "resolved": "https://registry.npmjs.org/wrappy/-/wrappy-1.0.2.tgz",
      "integrity": "sha1-tSQ9jz7BqjXxNkYFvA0QNuMKtp8="
    },
    "yallist": {
      "version": "3.0.2",
      "resolved": "https://registry.npmjs.org/yallist/-/yallist-3.0.2.tgz",
      "integrity": "sha1-hFK0u36Dx8GI2AQcGoN8dz1ti7k="
    }
  }
}
